{
	"name": "@bldr/media-client",
	"version": "0.2.3",
	"lockfileVersion": 2,
	"requires": true,
	"packages": {
		"": {
			"name": "@bldr/media-client",
			"version": "0.2.3",
			"license": "MIT",
			"dependencies": {
				"vuex": "3.5.1"
			}
		},
		"node_modules/vuex": {
			"version": "3.5.1",
			"resolved": "https://registry.npmjs.org/vuex/-/vuex-3.5.1.tgz",
			"integrity": "sha512-w7oJzmHQs0FM9LXodfskhw9wgKBiaB+totOdb8sNzbTB2KDCEEwEs29NzBZFh/lmEK1t5tDmM1vtsO7ubG1DFw=="
		}
	},
	"dependencies": {
		"vuex": {
			"version": "3.5.1",
			"resolved": "https://registry.npmjs.org/vuex/-/vuex-3.5.1.tgz",
			"integrity": "sha512-w7oJzmHQs0FM9LXodfskhw9wgKBiaB+totOdb8sNzbTB2KDCEEwEs29NzBZFh/lmEK1t5tDmM1vtsO7ubG1DFw=="
		}
	}
}
