{
	"name": "@bldr/songbook-core",
	"version": "0.1.8",
	"lockfileVersion": 1,
	"requires": true,
	"dependencies": {
		"@bldr/core-browser": {
			"version": "0.10.4",
			"resolved": "https://registry.npmjs.org/@bldr/core-browser/-/core-browser-0.10.4.tgz",
			"integrity": "sha512-gXmnN0soNncKt2JnRAYCeqdZ5NWWyJMlSRXPyY3GFL0EFnIGFXvoYZHzI8lQBEkwCp8SJfCh6TpVyuPrKeUBbg=="
		}
	}
}
