{
  "name": "baldr-master-audio",
  "requires": true,
  "lockfileVersion": 1,
  "dependencies": {
    "howl": {
      "version": "0.2.0",
      "resolved": "https://registry.npmjs.org/howl/-/howl-0.2.0.tgz",
      "integrity": "sha1-SfCW3DS4DR/s1YeAxJoKioiGHmw=",
      "requires": {
        "typescript": "2.6.1"
      }
    },
    "howler": {
      "version": "2.0.5",
      "resolved": "https://registry.npmjs.org/howler/-/howler-2.0.5.tgz",
      "integrity": "sha512-O5OeP2scDJqQPQfGN97/m7MSMex6YvnkjmmC9+sQ3NMZtJl7VzkKt/N54X9R/CxKM42irDG9uRwZUL+/+IALlw=="
    },
    "typescript": {
      "version": "2.6.1",
      "resolved": "https://registry.npmjs.org/typescript/-/typescript-2.6.1.tgz",
      "integrity": "sha1-7znN6ierrAtQAkLWcmq5DgyEZjE="
    }
  }
}
