{
  "name": "@bldr/master-audio",
  "version": "0.0.0",
  "lockfileVersion": 1,
  "requires": true,
  "dependencies": {
    "howler": {
      "version": "2.0.5",
      "resolved": "https://registry.npmjs.org/howler/-/howler-2.0.5.tgz",
      "integrity": "sha512-O5OeP2scDJqQPQfGN97/m7MSMex6YvnkjmmC9+sQ3NMZtJl7VzkKt/N54X9R/CxKM42irDG9uRwZUL+/+IALlw=="
    }
  }
}
