{
	"name": "@bldr/master-quote",
	"version": "0.1.0",
	"lockfileVersion": 2,
	"requires": true,
	"packages": {
		"": {
			"name": "@bldr/master-quote",
			"version": "0.1.0",
			"license": "MIT",
			"dependencies": {
				"vue": "^2.6.12",
				"vue-class-component": "^7.2.6",
				"vue-property-decorator": "^9.0.2"
			}
		},
		"node_modules/vue": {
			"version": "2.6.12",
			"resolved": "https://registry.npmjs.org/vue/-/vue-2.6.12.tgz",
			"integrity": "sha512-uhmLFETqPPNyuLLbsKz6ioJ4q7AZHzD8ZVFNATNyICSZouqP2Sz0rotWQC8UNBF6VGSCs5abnKJoStA6JbCbfg=="
		},
		"node_modules/vue-class-component": {
			"version": "7.2.6",
			"resolved": "https://registry.npmjs.org/vue-class-component/-/vue-class-component-7.2.6.tgz",
			"integrity": "sha512-+eaQXVrAm/LldalI272PpDe3+i4mPis0ORiMYxF6Ae4hyuCh15W8Idet7wPUEs4N4YptgFHGys4UrgNQOMyO6w=="
		},
		"node_modules/vue-property-decorator": {
			"version": "9.1.2",
			"resolved": "https://registry.npmjs.org/vue-property-decorator/-/vue-property-decorator-9.1.2.tgz",
			"integrity": "sha512-xYA8MkZynPBGd/w5QFJ2d/NM0z/YeegMqYTphy7NJQXbZcuU6FC6AOdUAcy4SXP+YnkerC6AfH+ldg7PDk9ESQ=="
		}
	},
	"dependencies": {
		"vue": {
			"version": "2.6.12",
			"resolved": "https://registry.npmjs.org/vue/-/vue-2.6.12.tgz",
			"integrity": "sha512-uhmLFETqPPNyuLLbsKz6ioJ4q7AZHzD8ZVFNATNyICSZouqP2Sz0rotWQC8UNBF6VGSCs5abnKJoStA6JbCbfg=="
		},
		"vue-class-component": {
			"version": "7.2.6",
			"resolved": "https://registry.npmjs.org/vue-class-component/-/vue-class-component-7.2.6.tgz",
			"integrity": "sha512-+eaQXVrAm/LldalI272PpDe3+i4mPis0ORiMYxF6Ae4hyuCh15W8Idet7wPUEs4N4YptgFHGys4UrgNQOMyO6w=="
		},
		"vue-property-decorator": {
			"version": "9.1.2",
			"resolved": "https://registry.npmjs.org/vue-property-decorator/-/vue-property-decorator-9.1.2.tgz",
			"integrity": "sha512-xYA8MkZynPBGd/w5QFJ2d/NM0z/YeegMqYTphy7NJQXbZcuU6FC6AOdUAcy4SXP+YnkerC6AfH+ldg7PDk9ESQ=="
		}
	}
}
