{
  "name": "@bldr/master-editor",
  "version": "0.0.16",
  "lockfileVersion": 1,
  "requires": true,
  "dependencies": {
    "ContentTools": {
      "version": "1.6.10",
      "resolved": "https://registry.npmjs.org/ContentTools/-/ContentTools-1.6.10.tgz",
      "integrity": "sha512-jlm41jP7oPC2+XCMSnyG5zX5BiA9st9NEacREGqbjdSoqCmcTiGDpLucEVNrWzCFUsdEvkClbiBVez3wd9ZPNQ=="
    }
  }
}
