{
	"name": "@bldr/markdown-to-html",
	"version": "0.1.0",
	"lockfileVersion": 1,
	"requires": true,
	"dependencies": {
		"@types/marked": {
			"version": "0.3.0",
			"resolved": "https://registry.npmjs.org/@types/marked/-/marked-0.3.0.tgz",
			"integrity": "sha512-CSf9YWJdX1DkTNu9zcNtdCcn6hkRtB5ILjbhRId4ZOQqx30fXmdecuaXhugQL6eyrhuXtaHJ7PHI+Vm7k9ZJjg==",
			"dev": true
		},
		"@types/xmldom": {
			"version": "0.1.29",
			"resolved": "https://registry.npmjs.org/@types/xmldom/-/xmldom-0.1.29.tgz",
			"integrity": "sha1-xEKLDKhtO4gUdXJv2UmAs4onw4E=",
			"dev": true
		},
		"marked": {
			"version": "1.2.5",
			"resolved": "https://registry.npmjs.org/marked/-/marked-1.2.5.tgz",
			"integrity": "sha512-2AlqgYnVPOc9WDyWu7S5DJaEZsfk6dNh/neatQ3IHUW4QLutM/VPSH9lG7bif+XjFWc9K9XR3QvR+fXuECmfdA=="
		},
		"xmldom": {
			"version": "0.4.0",
			"resolved": "https://registry.npmjs.org/xmldom/-/xmldom-0.4.0.tgz",
			"integrity": "sha512-2E93k08T30Ugs+34HBSTQLVtpi6mCddaY8uO+pMNk1pqSjV5vElzn4mmh6KLxN3hki8rNcHSYzILoh3TEWORvA=="
		}
	}
}
