{
  "name": "@bldr/wikidata",
  "version": "0.1.0",
  "lockfileVersion": 1,
  "requires": true,
  "dependencies": {
    "node-fetch": {
      "version": "2.6.0",
      "resolved": "https://registry.npmjs.org/node-fetch/-/node-fetch-2.6.0.tgz",
      "integrity": "sha512-8dG4H5ujfvFiqDmVu9fQ5bOHUC15JMjMY/Zumv26oOvvVJjM67KF8koCWIabKQ1GJIa9r2mMZscBq/TbdOcmNA=="
    },
    "wikibase-sdk": {
      "version": "7.4.1",
      "resolved": "https://registry.npmjs.org/wikibase-sdk/-/wikibase-sdk-7.4.1.tgz",
      "integrity": "sha512-6noMz3puMJGO1mP1Orq5n+jobaMH/9NIYaSZIxNBR+tFfDG9zNDST8ZqBwGwka4X4QQV65gLoEk4r1TXNSSB7A=="
    }
  }
}
