{
  "name": "@bldr/wikidata",
  "version": "0.1.0",
  "lockfileVersion": 1,
  "requires": true,
  "dependencies": {
    "node-fetch": {
      "version": "2.6.0",
      "resolved": "https://registry.npmjs.org/node-fetch/-/node-fetch-2.6.0.tgz",
      "integrity": "sha512-8dG4H5ujfvFiqDmVu9fQ5bOHUC15JMjMY/Zumv26oOvvVJjM67KF8koCWIabKQ1GJIa9r2mMZscBq/TbdOcmNA=="
    },
    "wikibase-sdk": {
      "version": "7.2.1",
      "resolved": "https://registry.npmjs.org/wikibase-sdk/-/wikibase-sdk-7.2.1.tgz",
      "integrity": "sha512-aK9NWsekwoNk7wJn5lAK8dDzDkZcUMCM6Bmtc+r/sNhaOFBLT43GJEgHKW0mvko/3uKfDtkHkDtrq9pa9/egrw=="
    }
  }
}
