{
	"name": "@bldr/mousetrap-wrapper",
	"version": "0.1.0",
	"lockfileVersion": 2,
	"requires": true,
	"packages": {
		"": {
			"name": "@bldr/mousetrap-wrapper",
			"version": "0.1.0",
			"license": "MIT",
			"dependencies": {
				"mousetrap": "1.6.5"
			}
		},
		"node_modules/mousetrap": {
			"version": "1.6.5",
			"resolved": "https://registry.npmjs.org/mousetrap/-/mousetrap-1.6.5.tgz",
			"integrity": "sha512-QNo4kEepaIBwiT8CDhP98umTetp+JNfQYBWvC1pc6/OAibuXtRcxZ58Qz8skvEHYvURne/7R8T5VoOI7rDsEUA=="
		}
	},
	"dependencies": {
		"mousetrap": {
			"version": "1.6.5",
			"resolved": "https://registry.npmjs.org/mousetrap/-/mousetrap-1.6.5.tgz",
			"integrity": "sha512-QNo4kEepaIBwiT8CDhP98umTetp+JNfQYBWvC1pc6/OAibuXtRcxZ58Qz8skvEHYvURne/7R8T5VoOI7rDsEUA=="
		}
	}
}
