{
	"name": "@bldr/string-format",
	"version": "0.1.0",
	"lockfileVersion": 2,
	"requires": true,
	"packages": {
		"": {
			"name": "@bldr/string-format",
			"version": "0.1.0",
			"license": "MIT",
			"dependencies": {
				"@sindresorhus/transliterate": "0.1.2"
			}
		},
		"node_modules/@sindresorhus/transliterate": {
			"version": "0.1.2",
			"resolved": "https://registry.npmjs.org/@sindresorhus/transliterate/-/transliterate-0.1.2.tgz",
			"integrity": "sha512-5/kmIOY9FF32nicXH+5yLNTX4NJ4atl7jRgqAJuIn/iyDFXBktOKDxCvyGE/EzmF4ngSUvjXxQUQlQiZ5lfw+w==",
			"dependencies": {
				"escape-string-regexp": "^2.0.0",
				"lodash.deburr": "^4.1.0"
			},
			"engines": {
				"node": ">=10"
			},
			"funding": {
				"url": "https://github.com/sponsors/sindresorhus"
			}
		},
		"node_modules/escape-string-regexp": {
			"version": "2.0.0",
			"resolved": "https://registry.npmjs.org/escape-string-regexp/-/escape-string-regexp-2.0.0.tgz",
			"integrity": "sha512-UpzcLCXolUWcNu5HtVMHYdXJjArjsF9C0aNnquZYY4uW/Vu0miy5YoWvbV345HauVvcAUnpRuhMMcqTcGOY2+w==",
			"engines": {
				"node": ">=8"
			}
		},
		"node_modules/lodash.deburr": {
			"version": "4.1.0",
			"resolved": "https://registry.npmjs.org/lodash.deburr/-/lodash.deburr-4.1.0.tgz",
			"integrity": "sha1-3bG7s+8HRYwBd7oH3hRCLLAz/5s="
		}
	},
	"dependencies": {
		"@sindresorhus/transliterate": {
			"version": "0.1.2",
			"resolved": "https://registry.npmjs.org/@sindresorhus/transliterate/-/transliterate-0.1.2.tgz",
			"integrity": "sha512-5/kmIOY9FF32nicXH+5yLNTX4NJ4atl7jRgqAJuIn/iyDFXBktOKDxCvyGE/EzmF4ngSUvjXxQUQlQiZ5lfw+w==",
			"requires": {
				"escape-string-regexp": "^2.0.0",
				"lodash.deburr": "^4.1.0"
			}
		},
		"escape-string-regexp": {
			"version": "2.0.0",
			"resolved": "https://registry.npmjs.org/escape-string-regexp/-/escape-string-regexp-2.0.0.tgz",
			"integrity": "sha512-UpzcLCXolUWcNu5HtVMHYdXJjArjsF9C0aNnquZYY4uW/Vu0miy5YoWvbV345HauVvcAUnpRuhMMcqTcGOY2+w=="
		},
		"lodash.deburr": {
			"version": "4.1.0",
			"resolved": "https://registry.npmjs.org/lodash.deburr/-/lodash.deburr-4.1.0.tgz",
			"integrity": "sha1-3bG7s+8HRYwBd7oH3hRCLLAz/5s="
		}
	}
}
