{
	"name": "@bldr/youtube-api",
	"version": "0.1.0",
	"lockfileVersion": 2,
	"requires": true,
	"packages": {
		"": {
			"name": "@bldr/youtube-api",
			"version": "0.1.0",
			"license": "MIT",
			"dependencies": {
				"axios": "0.21.1",
				"youtube.ts": "0.2.0"
			}
		},
		"node_modules/axios": {
			"version": "0.21.1",
			"resolved": "https://registry.npmjs.org/axios/-/axios-0.21.1.tgz",
			"integrity": "sha512-dKQiRHxGD9PPRIUNIWvZhPTPpl1rf/OxTYKsqKUDjBwYylTvV7SjSHJb9ratfyzM6wCdLCOYLzs73qpg5c4iGA==",
			"dependencies": {
				"follow-redirects": "^1.10.0"
			}
		},
		"node_modules/debug": {
			"version": "3.1.0",
			"resolved": "https://registry.npmjs.org/debug/-/debug-3.1.0.tgz",
			"integrity": "sha512-OX8XqP7/1a9cqkxYw2yXss15f26NKWBpDXQd0/uK/KPqdQhxbPa994hnzjcE2VqQpDslf55723cKPUOGSmMY3g==",
			"dependencies": {
				"ms": "2.0.0"
			}
		},
		"node_modules/follow-redirects": {
			"version": "1.14.1",
			"resolved": "https://registry.npmjs.org/follow-redirects/-/follow-redirects-1.14.1.tgz",
			"integrity": "sha512-HWqDgT7ZEkqRzBvc2s64vSZ/hfOceEol3ac/7tKwzuvEyWx3/4UegXh5oBOIotkGsObyk3xznnSRVADBgWSQVg==",
			"funding": [
				{
					"type": "individual",
					"url": "https://github.com/sponsors/RubenVerborgh"
				}
			],
			"engines": {
				"node": ">=4.0"
			},
			"peerDependenciesMeta": {
				"debug": {
					"optional": true
				}
			}
		},
		"node_modules/m3u8stream": {
			"version": "0.8.3",
			"resolved": "https://registry.npmjs.org/m3u8stream/-/m3u8stream-0.8.3.tgz",
			"integrity": "sha512-0nAcdrF8YJKUkb6PzWdvGftTPyCVWgoiot1AkNVbPKTeIGsWs6DrOjifrJ0Zi8WQfQmD2SuVCjkYIOip12igng==",
			"dependencies": {
				"miniget": "^4.0.0",
				"sax": "^1.2.4"
			},
			"engines": {
				"node": ">=10"
			}
		},
		"node_modules/miniget": {
			"version": "4.2.0",
			"resolved": "https://registry.npmjs.org/miniget/-/miniget-4.2.0.tgz",
			"integrity": "sha512-IzTOaNgBw/qEpzkPTE7X2cUVXQfSKbG8w52Emi93zb+Zya2ZFrbmavpixzebuDJD9Ku4ecbaFlC7Y1cEESzQtQ==",
			"engines": {
				"node": ">=10"
			}
		},
		"node_modules/ms": {
			"version": "2.0.0",
			"resolved": "https://registry.npmjs.org/ms/-/ms-2.0.0.tgz",
			"integrity": "sha1-VgiurfwAvmwpAd9fmGF4jeDVl8g="
		},
		"node_modules/sax": {
			"version": "1.2.4",
			"resolved": "https://registry.npmjs.org/sax/-/sax-1.2.4.tgz",
			"integrity": "sha512-NqVDv9TpANUjFm0N8uM5GxL36UgKi9/atZw+x7YFnQ8ckwFGKrl4xX4yWtrey3UJm5nP1kUbnYgLopqWNSRhWw=="
		},
		"node_modules/youtube.ts": {
			"version": "0.2.0",
			"resolved": "https://registry.npmjs.org/youtube.ts/-/youtube.ts-0.2.0.tgz",
			"integrity": "sha512-cRHN/7L9FO+DkdKTzvUAiB/hQo+ZtzLb4GfVywPTTtf9JBol87fqzLKf86cBWwuXLOJzJNLB/wvZmUmsxpbByQ==",
			"dependencies": {
				"axios": "^0.19.0",
				"ytdl-core": "^4.0.3"
			}
		},
		"node_modules/youtube.ts/node_modules/axios": {
			"version": "0.19.2",
			"resolved": "https://registry.npmjs.org/axios/-/axios-0.19.2.tgz",
			"integrity": "sha512-fjgm5MvRHLhx+osE2xoekY70AhARk3a6hkN+3Io1jc00jtquGvxYlKlsFUhmUET0V5te6CcZI7lcv2Ym61mjHA==",
			"deprecated": "Critical security vulnerability fixed in v0.21.1. For more information, see https://github.com/axios/axios/pull/3410",
			"dependencies": {
				"follow-redirects": "1.5.10"
			}
		},
		"node_modules/youtube.ts/node_modules/follow-redirects": {
			"version": "1.5.10",
			"resolved": "https://registry.npmjs.org/follow-redirects/-/follow-redirects-1.5.10.tgz",
			"integrity": "sha512-0V5l4Cizzvqt5D44aTXbFZz+FtyXV1vrDN6qrelxtfYQKW0KO0W2T/hkE8xvGa/540LkZlkaUjO4ailYTFtHVQ==",
			"dependencies": {
				"debug": "=3.1.0"
			},
			"engines": {
				"node": ">=4.0"
			}
		},
		"node_modules/ytdl-core": {
			"version": "4.8.0",
			"resolved": "https://registry.npmjs.org/ytdl-core/-/ytdl-core-4.8.0.tgz",
			"integrity": "sha512-LFhhwqFojReoaME17VpsFeiamygM0W/YNG8O02mrmS2O6Em5LjCPiJYdq7Af3CmJtBEOCdptSZ3Ql+3LGWDGvg==",
			"dependencies": {
				"m3u8stream": "^0.8.3",
				"miniget": "^4.0.0",
				"sax": "^1.1.3"
			},
			"engines": {
				"node": ">=10"
			}
		}
	},
	"dependencies": {
		"axios": {
			"version": "0.21.1",
			"resolved": "https://registry.npmjs.org/axios/-/axios-0.21.1.tgz",
			"integrity": "sha512-dKQiRHxGD9PPRIUNIWvZhPTPpl1rf/OxTYKsqKUDjBwYylTvV7SjSHJb9ratfyzM6wCdLCOYLzs73qpg5c4iGA==",
			"requires": {
				"follow-redirects": "^1.10.0"
			}
		},
		"debug": {
			"version": "3.1.0",
			"resolved": "https://registry.npmjs.org/debug/-/debug-3.1.0.tgz",
			"integrity": "sha512-OX8XqP7/1a9cqkxYw2yXss15f26NKWBpDXQd0/uK/KPqdQhxbPa994hnzjcE2VqQpDslf55723cKPUOGSmMY3g==",
			"requires": {
				"ms": "2.0.0"
			}
		},
		"follow-redirects": {
			"version": "1.14.1",
			"resolved": "https://registry.npmjs.org/follow-redirects/-/follow-redirects-1.14.1.tgz",
			"integrity": "sha512-HWqDgT7ZEkqRzBvc2s64vSZ/hfOceEol3ac/7tKwzuvEyWx3/4UegXh5oBOIotkGsObyk3xznnSRVADBgWSQVg=="
		},
		"m3u8stream": {
			"version": "0.8.3",
			"resolved": "https://registry.npmjs.org/m3u8stream/-/m3u8stream-0.8.3.tgz",
			"integrity": "sha512-0nAcdrF8YJKUkb6PzWdvGftTPyCVWgoiot1AkNVbPKTeIGsWs6DrOjifrJ0Zi8WQfQmD2SuVCjkYIOip12igng==",
			"requires": {
				"miniget": "^4.0.0",
				"sax": "^1.2.4"
			}
		},
		"miniget": {
			"version": "4.2.0",
			"resolved": "https://registry.npmjs.org/miniget/-/miniget-4.2.0.tgz",
			"integrity": "sha512-IzTOaNgBw/qEpzkPTE7X2cUVXQfSKbG8w52Emi93zb+Zya2ZFrbmavpixzebuDJD9Ku4ecbaFlC7Y1cEESzQtQ=="
		},
		"ms": {
			"version": "2.0.0",
			"resolved": "https://registry.npmjs.org/ms/-/ms-2.0.0.tgz",
			"integrity": "sha1-VgiurfwAvmwpAd9fmGF4jeDVl8g="
		},
		"sax": {
			"version": "1.2.4",
			"resolved": "https://registry.npmjs.org/sax/-/sax-1.2.4.tgz",
			"integrity": "sha512-NqVDv9TpANUjFm0N8uM5GxL36UgKi9/atZw+x7YFnQ8ckwFGKrl4xX4yWtrey3UJm5nP1kUbnYgLopqWNSRhWw=="
		},
		"youtube.ts": {
			"version": "0.2.0",
			"resolved": "https://registry.npmjs.org/youtube.ts/-/youtube.ts-0.2.0.tgz",
			"integrity": "sha512-cRHN/7L9FO+DkdKTzvUAiB/hQo+ZtzLb4GfVywPTTtf9JBol87fqzLKf86cBWwuXLOJzJNLB/wvZmUmsxpbByQ==",
			"requires": {
				"axios": "^0.19.0",
				"ytdl-core": "^4.0.3"
			},
			"dependencies": {
				"axios": {
					"version": "0.19.2",
					"resolved": "https://registry.npmjs.org/axios/-/axios-0.19.2.tgz",
					"integrity": "sha512-fjgm5MvRHLhx+osE2xoekY70AhARk3a6hkN+3Io1jc00jtquGvxYlKlsFUhmUET0V5te6CcZI7lcv2Ym61mjHA==",
					"requires": {
						"follow-redirects": "1.5.10"
					}
				},
				"follow-redirects": {
					"version": "1.5.10",
					"resolved": "https://registry.npmjs.org/follow-redirects/-/follow-redirects-1.5.10.tgz",
					"integrity": "sha512-0V5l4Cizzvqt5D44aTXbFZz+FtyXV1vrDN6qrelxtfYQKW0KO0W2T/hkE8xvGa/540LkZlkaUjO4ailYTFtHVQ==",
					"requires": {
						"debug": "=3.1.0"
					}
				}
			}
		},
		"ytdl-core": {
			"version": "4.8.0",
			"resolved": "https://registry.npmjs.org/ytdl-core/-/ytdl-core-4.8.0.tgz",
			"integrity": "sha512-LFhhwqFojReoaME17VpsFeiamygM0W/YNG8O02mrmS2O6Em5LjCPiJYdq7Af3CmJtBEOCdptSZ3Ql+3LGWDGvg==",
			"requires": {
				"m3u8stream": "^0.8.3",
				"miniget": "^4.0.0",
				"sax": "^1.1.3"
			}
		}
	}
}
