{
	"name": "@bldr/theme-default-css",
	"version": "0.0.7",
	"lockfileVersion": 1,
	"requires": true,
	"dependencies": {
		"typeface-alegreya": {
			"version": "0.0.69",
			"resolved": "https://registry.npmjs.org/typeface-alegreya/-/typeface-alegreya-0.0.69.tgz",
			"integrity": "sha512-02wj0QZEaxnDH37ZX3fsCu6vlKdaH8f1bzJxuymXNCoEcN3tFKMLC9omAtx8G+EbChb1gm5Nw+9XmPIYzi93fA=="
		},
		"typeface-alegreya-sans": {
			"version": "0.0.72",
			"resolved": "https://registry.npmjs.org/typeface-alegreya-sans/-/typeface-alegreya-sans-0.0.72.tgz",
			"integrity": "sha512-W4JWZwG+4YoJF9RcEg0SFgzOVDxuctMSwcQD+ZoqdsR44+AXHLN9pZui1IC8JjGMt4KYI4LatFucenJ8aFZs/A=="
		},
		"typeface-alegreya-sans-sc": {
			"version": "0.0.75",
			"resolved": "https://registry.npmjs.org/typeface-alegreya-sans-sc/-/typeface-alegreya-sans-sc-0.0.75.tgz",
			"integrity": "sha512-My6tFFdXUnV4nnQLjAy+0aoyf1NGE0xBV7G26suIrwU30NA/tkyy+7vhIElVT4lwW1+1ORYMYtkHy2aS+TLofQ=="
		},
		"typeface-alegreya-sc": {
			"version": "0.0.72",
			"resolved": "https://registry.npmjs.org/typeface-alegreya-sc/-/typeface-alegreya-sc-0.0.72.tgz",
			"integrity": "sha512-BES0X3dLXeYtFYmmrxxOYc6LwvfCvvOKppoXsjwGmIUIgXORknChezx4OLQl5Z/mlihbhsYUNx9rq/1lHtKflw=="
		}
	}
}
