{
	"name": "@bldr/dom-manipulator",
	"version": "0.1.0",
	"lockfileVersion": 2,
	"requires": true,
	"packages": {
		"": {
			"name": "@bldr/dom-manipulator",
			"version": "0.1.0",
			"license": "MIT",
			"devDependencies": {
				"@types/mocha": "9.0.0"
			}
		},
		"node_modules/@types/mocha": {
			"version": "9.0.0",
			"resolved": "https://registry.npmjs.org/@types/mocha/-/mocha-9.0.0.tgz",
			"integrity": "sha512-scN0hAWyLVAvLR9AyW7HoFF5sJZglyBsbPuHO4fv7JRvfmPBMfp1ozWqOf/e4wwPNxezBZXRfWzMb6iFLgEVRA==",
			"dev": true,
			"license": "MIT"
		}
	},
	"dependencies": {
		"@types/mocha": {
			"version": "9.0.0",
			"resolved": "https://registry.npmjs.org/@types/mocha/-/mocha-9.0.0.tgz",
			"integrity": "sha512-scN0hAWyLVAvLR9AyW7HoFF5sJZglyBsbPuHO4fv7JRvfmPBMfp1ozWqOf/e4wwPNxezBZXRfWzMb6iFLgEVRA==",
			"dev": true
		}
	}
}
