{
	"name": "@bldr/seating-plan-converter",
	"version": "0.1.0",
	"lockfileVersion": 2,
	"requires": true,
	"packages": {
		"": {
			"name": "@bldr/seating-plan-converter",
			"version": "0.1.0",
			"license": "MIT",
			"dependencies": {
				"csv-parser": "3.0.0"
			},
			"devDependencies": {
				"@types/node": "16.9.1"
			}
		},
		"node_modules/@types/node": {
			"version": "16.9.1",
			"resolved": "https://registry.npmjs.org/@types/node/-/node-16.9.1.tgz",
			"integrity": "sha512-QpLcX9ZSsq3YYUUnD3nFDY8H7wctAhQj/TFKL8Ya8v5fMm3CFXxo8zStsLAl780ltoYoo1WvKUVGBQK+1ifr7g==",
			"dev": true
		},
		"node_modules/csv-parser": {
			"version": "3.0.0",
			"resolved": "https://registry.npmjs.org/csv-parser/-/csv-parser-3.0.0.tgz",
			"integrity": "sha512-s6OYSXAK3IdKqYO33y09jhypG/bSDHPuyCme/IdEHfWpLf/jKcpitVFyOC6UemgGk8v7Q5u2XE0vvwmanxhGlQ==",
			"license": "MIT",
			"dependencies": {
				"minimist": "^1.2.0"
			},
			"bin": {
				"csv-parser": "bin/csv-parser"
			},
			"engines": {
				"node": ">= 10"
			}
		},
		"node_modules/minimist": {
			"version": "1.2.5",
			"resolved": "https://registry.npmjs.org/minimist/-/minimist-1.2.5.tgz",
			"integrity": "sha512-FM9nNUYrRBAELZQT3xeZQ7fmMOBg6nWNmJKTcgsJeaLstP/UODVpGsr5OhXhhXg6f+qtJ8uiZ+PUxkDWcgIXLw=="
		}
	},
	"dependencies": {
		"@types/node": {
			"version": "16.9.1",
			"resolved": "https://registry.npmjs.org/@types/node/-/node-16.9.1.tgz",
			"integrity": "sha512-QpLcX9ZSsq3YYUUnD3nFDY8H7wctAhQj/TFKL8Ya8v5fMm3CFXxo8zStsLAl780ltoYoo1WvKUVGBQK+1ifr7g==",
			"dev": true
		},
		"csv-parser": {
			"version": "3.0.0",
			"resolved": "https://registry.npmjs.org/csv-parser/-/csv-parser-3.0.0.tgz",
			"integrity": "sha512-s6OYSXAK3IdKqYO33y09jhypG/bSDHPuyCme/IdEHfWpLf/jKcpitVFyOC6UemgGk8v7Q5u2XE0vvwmanxhGlQ==",
			"requires": {
				"minimist": "^1.2.0"
			}
		},
		"minimist": {
			"version": "1.2.5",
			"resolved": "https://registry.npmjs.org/minimist/-/minimist-1.2.5.tgz",
			"integrity": "sha512-FM9nNUYrRBAELZQT3xeZQ7fmMOBg6nWNmJKTcgsJeaLstP/UODVpGsr5OhXhhXg6f+qtJ8uiZ+PUxkDWcgIXLw=="
		}
	}
}
