{
  "name": "@bldr/vue-plugin-media",
  "version": "0.2.3",
  "lockfileVersion": 1,
  "requires": true,
  "dependencies": {
    "@bldr/core-browser": {
      "version": "0.11.3",
      "resolved": "https://registry.npmjs.org/@bldr/core-browser/-/core-browser-0.11.3.tgz",
      "integrity": "sha512-5X0Cu49dDMOgN54PKqs62F05e00NyoOnAcgo+RWNuYYjscvXvrGibjc9zMfP7uFiGHYeLT5caX9IGDae/BpElA=="
    },
    "@bldr/http-request": {
      "version": "0.2.2",
      "resolved": "https://registry.npmjs.org/@bldr/http-request/-/http-request-0.2.2.tgz",
      "integrity": "sha512-N3Zz8A1Zptx1UOkORahHXUTQop3jb0n0mJDfNXAQAhRcA/UEDnlMpAwBYB43gF86MOQS5QREgf/ufVpBXmXKqQ==",
      "requires": {
        "axios": "^0.19.2"
      }
    },
    "@bldr/vue-plugin-dynamic-select": {
      "version": "0.2.2",
      "resolved": "https://registry.npmjs.org/@bldr/vue-plugin-dynamic-select/-/vue-plugin-dynamic-select-0.2.2.tgz",
      "integrity": "sha512-aVdDLGZ/d2rxnjhm4b0l7aKuI1HGP+RhUiHuHWJJMZOALEPQv21/ntklAuyqrhnLejuwVZG4mdvtg2IRvnZzJg==",
      "requires": {
        "core-js": "^3.6.4",
        "vue": "^2.6.11"
      }
    },
    "axios": {
      "version": "0.19.2",
      "resolved": "https://registry.npmjs.org/axios/-/axios-0.19.2.tgz",
      "integrity": "sha512-fjgm5MvRHLhx+osE2xoekY70AhARk3a6hkN+3Io1jc00jtquGvxYlKlsFUhmUET0V5te6CcZI7lcv2Ym61mjHA==",
      "requires": {
        "follow-redirects": "1.5.10"
      }
    },
    "core-js": {
      "version": "3.6.4",
      "resolved": "https://registry.npmjs.org/core-js/-/core-js-3.6.4.tgz",
      "integrity": "sha512-4paDGScNgZP2IXXilaffL9X7968RuvwlkK3xWtZRVqgd8SYNiVKRJvkFd1aqqEuPfN7E68ZHEp9hDj6lHj4Hyw=="
    },
    "debug": {
      "version": "3.1.0",
      "resolved": "https://registry.npmjs.org/debug/-/debug-3.1.0.tgz",
      "integrity": "sha512-OX8XqP7/1a9cqkxYw2yXss15f26NKWBpDXQd0/uK/KPqdQhxbPa994hnzjcE2VqQpDslf55723cKPUOGSmMY3g==",
      "requires": {
        "ms": "2.0.0"
      }
    },
    "follow-redirects": {
      "version": "1.5.10",
      "resolved": "https://registry.npmjs.org/follow-redirects/-/follow-redirects-1.5.10.tgz",
      "integrity": "sha512-0V5l4Cizzvqt5D44aTXbFZz+FtyXV1vrDN6qrelxtfYQKW0KO0W2T/hkE8xvGa/540LkZlkaUjO4ailYTFtHVQ==",
      "requires": {
        "debug": "=3.1.0"
      }
    },
    "ms": {
      "version": "2.0.0",
      "resolved": "https://registry.npmjs.org/ms/-/ms-2.0.0.tgz",
      "integrity": "sha1-VgiurfwAvmwpAd9fmGF4jeDVl8g="
    },
    "vue": {
      "version": "2.6.11",
      "resolved": "https://registry.npmjs.org/vue/-/vue-2.6.11.tgz",
      "integrity": "sha512-VfPwgcGABbGAue9+sfrD4PuwFar7gPb1yl1UK1MwXoQPAw0BKSqWfoYCT/ThFrdEVWoI51dBuyCoiNU9bZDZxQ=="
    }
  }
}
