{
  "name": "@bldr/songbook-core",
  "version": "0.2.3",
  "lockfileVersion": 1,
  "requires": true,
  "dependencies": {
    "@bldr/core-browser": {
      "version": "0.11.3",
      "resolved": "https://registry.npmjs.org/@bldr/core-browser/-/core-browser-0.11.3.tgz",
      "integrity": "sha512-5X0Cu49dDMOgN54PKqs62F05e00NyoOnAcgo+RWNuYYjscvXvrGibjc9zMfP7uFiGHYeLT5caX9IGDae/BpElA=="
    }
  }
}
