{
	"name": "@bldr/markdown-to-html",
	"version": "0.1.0",
	"lockfileVersion": 2,
	"requires": true,
	"packages": {
		"": {
			"name": "@bldr/markdown-to-html",
			"version": "0.1.0",
			"license": "MIT",
			"dependencies": {
				"marked": "4.0.9"
			},
			"devDependencies": {
				"@types/marked": "4.0.1"
			}
		},
		"node_modules/@types/marked": {
			"version": "4.0.1",
			"resolved": "https://registry.npmjs.org/@types/marked/-/marked-4.0.1.tgz",
			"integrity": "sha512-ZigEmCWdNUU7IjZEuQ/iaimYdDHWHfTe3kg8ORfKjyGYd9RWumPoOJRQXB0bO+XLkNwzCthW3wUIQtANaEZ1ag==",
			"dev": true
		},
		"node_modules/marked": {
			"version": "4.0.9",
			"resolved": "https://registry.npmjs.org/marked/-/marked-4.0.9.tgz",
			"integrity": "sha512-HmoFvQwFLxNESeGupeOC+6CLb5WzcCWQmqvVetsErmrI3vrZ6gBumty5IP0ynLPR0zYSoVY7ITC1GffsYIGkog==",
			"bin": {
				"marked": "bin/marked.js"
			},
			"engines": {
				"node": ">= 12"
			}
		}
	},
	"dependencies": {
		"@types/marked": {
			"version": "4.0.1",
			"resolved": "https://registry.npmjs.org/@types/marked/-/marked-4.0.1.tgz",
			"integrity": "sha512-ZigEmCWdNUU7IjZEuQ/iaimYdDHWHfTe3kg8ORfKjyGYd9RWumPoOJRQXB0bO+XLkNwzCthW3wUIQtANaEZ1ag==",
			"dev": true
		},
		"marked": {
			"version": "4.0.9",
			"resolved": "https://registry.npmjs.org/marked/-/marked-4.0.9.tgz",
			"integrity": "sha512-HmoFvQwFLxNESeGupeOC+6CLb5WzcCWQmqvVetsErmrI3vrZ6gBumty5IP0ynLPR0zYSoVY7ITC1GffsYIGkog=="
		}
	}
}
