{
	"name": "@bldr/markdown-to-html",
	"version": "0.1.0",
	"lockfileVersion": 2,
	"requires": true,
	"packages": {
		"": {
			"name": "@bldr/markdown-to-html",
			"version": "0.1.0",
			"license": "MIT",
			"dependencies": {
				"marked": "4.0.3"
			},
			"devDependencies": {
				"@types/marked": "4.0.0"
			}
		},
		"node_modules/@types/marked": {
			"version": "4.0.0",
			"resolved": "https://registry.npmjs.org/@types/marked/-/marked-4.0.0.tgz",
			"integrity": "sha512-Zuz0vlQDfPuop4aFFWFdFTTpVmFqkwAQJ4Onxmgc2ZMxhgaO0UxEwWpz23uHXd9QhwsFB1BJBmWNjheZmqdBuQ==",
			"dev": true
		},
		"node_modules/marked": {
			"version": "4.0.3",
			"resolved": "https://registry.npmjs.org/marked/-/marked-4.0.3.tgz",
			"integrity": "sha512-vSwKKtw+lCA0uFK/02JT4tBfNxEREpoTg21NoXqcmX0ySBIEyLMYWmt8WPsM61QNFaDBZkggupyNXLsV7uPuRg==",
			"bin": {
				"marked": "bin/marked.js"
			},
			"engines": {
				"node": ">= 12"
			}
		}
	},
	"dependencies": {
		"@types/marked": {
			"version": "4.0.0",
			"resolved": "https://registry.npmjs.org/@types/marked/-/marked-4.0.0.tgz",
			"integrity": "sha512-Zuz0vlQDfPuop4aFFWFdFTTpVmFqkwAQJ4Onxmgc2ZMxhgaO0UxEwWpz23uHXd9QhwsFB1BJBmWNjheZmqdBuQ==",
			"dev": true
		},
		"marked": {
			"version": "4.0.3",
			"resolved": "https://registry.npmjs.org/marked/-/marked-4.0.3.tgz",
			"integrity": "sha512-vSwKKtw+lCA0uFK/02JT4tBfNxEREpoTg21NoXqcmX0ySBIEyLMYWmt8WPsM61QNFaDBZkggupyNXLsV7uPuRg=="
		}
	}
}
