{
  "name": "@bldr/theme-handwriting",
  "version": "0.0.26",
  "lockfileVersion": 1,
  "requires": true,
  "dependencies": {
    "typeface-kalam": {
      "version": "0.0.72",
      "resolved": "https://registry.npmjs.org/typeface-kalam/-/typeface-kalam-0.0.72.tgz",
      "integrity": "sha512-Crh+J9ibN9e5TraZ2f1mvVTHBnkNIb7vL1waDHcTwZbByHzYeef10h8CGFtcZkGHdO96vj2VoMwMaAHZR6aDTA=="
    }
  }
}
