{
  "name": "@bldr/theme-handwriting",
  "version": "0.0.6",
  "lockfileVersion": 1,
  "requires": true,
  "dependencies": {
    "typeface-kalam": {
      "version": "0.0.54",
      "resolved": "https://registry.npmjs.org/typeface-kalam/-/typeface-kalam-0.0.54.tgz",
      "integrity": "sha512-8phmFZkEzX+hOiT9qqI/EA0X5hROcvDkrmwnI518LYmvLCxm0F6l2PBYvrfcs9z6uoL3TLPaPO6s2zHDHMjs4g=="
    }
  }
}
