{
  "name": "baldr-theme-handwriting",
  "requires": true,
  "lockfileVersion": 1,
  "dependencies": {
    "typeface-kalam": {
      "version": "0.0.43",
      "resolved": "https://registry.npmjs.org/typeface-kalam/-/typeface-kalam-0.0.43.tgz",
      "integrity": "sha512-bSrsTqcts+lG9QQEN7QHlQc25hWXRnTgBbsjFdbmmJ594pvZH3xgv6a4v05MkaJ/l8gH3QQOmwubT/OtHpVthw=="
    }
  }
}
