{
	"name": "@bldr/master-collection",
	"version": "0.1.0",
	"lockfileVersion": 1,
	"requires": true,
	"dependencies": {
		"marked": {
			"version": "1.2.5",
			"resolved": "https://registry.npmjs.org/marked/-/marked-1.2.5.tgz",
			"integrity": "sha512-2AlqgYnVPOc9WDyWu7S5DJaEZsfk6dNh/neatQ3IHUW4QLutM/VPSH9lG7bif+XjFWc9K9XR3QvR+fXuECmfdA=="
		}
	}
}
