{
	"name": "@bldr/style-configurator",
	"version": "0.1.0",
	"lockfileVersion": 2,
	"requires": true,
	"packages": {
		"": {
			"name": "@bldr/style-configurator",
			"version": "0.1.0",
			"license": "MIT",
			"devDependencies": {
				"vue": "2.6.11"
			}
		},
		"node_modules/vue": {
			"version": "2.6.11",
			"resolved": "https://registry.npmjs.org/vue/-/vue-2.6.11.tgz",
			"integrity": "sha512-VfPwgcGABbGAue9+sfrD4PuwFar7gPb1yl1UK1MwXoQPAw0BKSqWfoYCT/ThFrdEVWoI51dBuyCoiNU9bZDZxQ==",
			"dev": true
		}
	},
	"dependencies": {
		"vue": {
			"version": "2.6.11",
			"resolved": "https://registry.npmjs.org/vue/-/vue-2.6.11.tgz",
			"integrity": "sha512-VfPwgcGABbGAue9+sfrD4PuwFar7gPb1yl1UK1MwXoQPAw0BKSqWfoYCT/ThFrdEVWoI51dBuyCoiNU9bZDZxQ==",
			"dev": true
		}
	}
}
