{
  "name": "@bldr/theme-default",
  "version": "0.0.0",
  "lockfileVersion": 1,
  "requires": true,
  "dependencies": {
    "typeface-alegreya": {
      "version": "0.0.40",
      "resolved": "https://registry.npmjs.org/typeface-alegreya/-/typeface-alegreya-0.0.40.tgz",
      "integrity": "sha512-PT6YuVNQ6CZZMFzSMOJ+On239l5ILMfz8okt41eLVN/HUlEkDldK+y7fyb95ZFbDaOYpRpsWYKBfVgAcevXAXQ=="
    },
    "typeface-alegreya-sans": {
      "version": "0.0.40",
      "resolved": "https://registry.npmjs.org/typeface-alegreya-sans/-/typeface-alegreya-sans-0.0.40.tgz",
      "integrity": "sha512-eS/ACpxuKPMn0mQ+CqIbWle1/xP8JFjhqvWeOcTqIJAtgJZXJtVfeQgXhZSaJ7Xj/ae76bELmedL7Cw8vgEd6g=="
    },
    "typeface-alegreya-sans-sc": {
      "version": "0.0.40",
      "resolved": "https://registry.npmjs.org/typeface-alegreya-sans-sc/-/typeface-alegreya-sans-sc-0.0.40.tgz",
      "integrity": "sha512-wK1ZDrfQ8bIkvrT7blYaX2v/DP5ed93o2jM8aE8PvFhLRv9Qu3UlfSzvDSyioxC2zgbUdMJBvBkSqE+HMuqnkg=="
    },
    "typeface-alegreya-sc": {
      "version": "0.0.40",
      "resolved": "https://registry.npmjs.org/typeface-alegreya-sc/-/typeface-alegreya-sc-0.0.40.tgz",
      "integrity": "sha512-hN6pg4HK15Q0aQYVXQUwtxHlMeY2Fsxg7P+OQ6j7n+blGR2jhJbNUKjGPsA24cKXPHRs0y0+5PvBXfk+rHmyng=="
    }
  }
}
