{
  "name": "@bldr/theme-default",
  "version": "0.0.6",
  "lockfileVersion": 1,
  "requires": true,
  "dependencies": {
    "typeface-alegreya": {
      "version": "0.0.69",
      "resolved": "https://registry.npmjs.org/typeface-alegreya/-/typeface-alegreya-0.0.69.tgz",
      "integrity": "sha512-02wj0QZEaxnDH37ZX3fsCu6vlKdaH8f1bzJxuymXNCoEcN3tFKMLC9omAtx8G+EbChb1gm5Nw+9XmPIYzi93fA=="
    },
    "typeface-alegreya-sans": {
      "version": "0.0.54",
      "resolved": "https://registry.npmjs.org/typeface-alegreya-sans/-/typeface-alegreya-sans-0.0.54.tgz",
      "integrity": "sha512-i7Fzx9smv527Ej8PSKP8btAz5nVQ/YACB3vKCTQiVk4SbLZeGJ+6X4bBq5ApWkPwDQkyrd+yHNK4NJ9R57siUQ=="
    },
    "typeface-alegreya-sans-sc": {
      "version": "0.0.54",
      "resolved": "https://registry.npmjs.org/typeface-alegreya-sans-sc/-/typeface-alegreya-sans-sc-0.0.54.tgz",
      "integrity": "sha512-OAPPir82dtEdCyY3ctpieN0QsHr0V/9ZSFoD/lcfNxpOL0zA7LaR5RL2YY/lilwXg43kTW4GjH5vJ59YD8lZvA=="
    },
    "typeface-alegreya-sc": {
      "version": "0.0.54",
      "resolved": "https://registry.npmjs.org/typeface-alegreya-sc/-/typeface-alegreya-sc-0.0.54.tgz",
      "integrity": "sha512-uhA3grJBkTegKIsLTYiaETagCu0xhkmDeKAi05f5xozr/JJJ1toNwQJsGM7gdpuoQmaesfXZgcdr+JjfN2obpQ=="
    }
  }
}
